// !$*UTF8*$!
{
	archiveVersion = 1;
	classes = {
	};
	objectVersion = 46;
	objects = {

/* Begin PBXBuildFile section */
		329579F21D282068002F3423 /* main.m in Sources */ = {isa = PBXBuildFile; fileRef = 329579F11D282068002F3423 /* main.m */; };
		329579F51D282068002F3423 /* AppDelegate.m in Sources */ = {isa = PBXBuildFile; fileRef = 329579F41D282068002F3423 /* AppDelegate.m */; };
		329579F71D282068002F3423 /* Assets.xcassets in Resources */ = {isa = PBXBuildFile; fileRef = 329579F61D282068002F3423 /* Assets.xcassets */; };
		329579FA1D282068002F3423 /* LaunchScreen.storyboard in Resources */ = {isa = PBXBuildFile; fileRef = 329579F81D282068002F3423 /* LaunchScreen.storyboard */; };
		32957A031D284126002F3423 /* FDCWineModel.m in Sources */ = {isa = PBXBuildFile; fileRef = 32957A021D284126002F3423 /* FDCWineModel.m */; };
		32957A081D28F7D5002F3423 /* FDCWineViewController.m in Sources */ = {isa = PBXBuildFile; fileRef = 32957A061D28F7D5002F3423 /* FDCWineViewController.m */; };
		32957A091D28F7D5002F3423 /* FDCWineViewController.xib in Resources */ = {isa = PBXBuildFile; fileRef = 32957A071D28F7D5002F3423 /* FDCWineViewController.xib */; };
		32957A0C1D29923F002F3423 /* splitView_score_glass@2x.png in Resources */ = {isa = PBXBuildFile; fileRef = 32957A0B1D29923F002F3423 /* splitView_score_glass@2x.png */; };
		32957A0F1D2992BF002F3423 /* bembibre.jpg in Resources */ = {isa = PBXBuildFile; fileRef = 32957A0E1D2992BF002F3423 /* bembibre.jpg */; };
		32957A131D29995C002F3423 /* FDCWebViewController.m in Sources */ = {isa = PBXBuildFile; fileRef = 32957A111D29995C002F3423 /* FDCWebViewController.m */; };
		32957A141D29995C002F3423 /* FDCWebViewController.xib in Resources */ = {isa = PBXBuildFile; fileRef = 32957A121D29995C002F3423 /* FDCWebViewController.xib */; };
/* End PBXBuildFile section */

/* Begin PBXFileReference section */
		329579ED1D282068002F3423 /* Baccus.app */ = {isa = PBXFileReference; explicitFileType = wrapper.application; includeInIndex = 0; path = Baccus.app; sourceTree = BUILT_PRODUCTS_DIR; };
		329579F11D282068002F3423 /* main.m */ = {isa = PBXFileReference; lastKnownFileType = sourcecode.c.objc; path = main.m; sourceTree = "<group>"; };
		329579F31D282068002F3423 /* AppDelegate.h */ = {isa = PBXFileReference; lastKnownFileType = sourcecode.c.h; path = AppDelegate.h; sourceTree = "<group>"; };
		329579F41D282068002F3423 /* AppDelegate.m */ = {isa = PBXFileReference; lastKnownFileType = sourcecode.c.objc; path = AppDelegate.m; sourceTree = "<group>"; };
		329579F61D282068002F3423 /* Assets.xcassets */ = {isa = PBXFileReference; lastKnownFileType = folder.assetcatalog; path = Assets.xcassets; sourceTree = "<group>"; };
		329579F91D282068002F3423 /* Base */ = {isa = PBXFileReference; lastKnownFileType = file.storyboard; name = Base; path = Base.lproj/LaunchScreen.storyboard; sourceTree = "<group>"; };
		329579FB1D282068002F3423 /* Info.plist */ = {isa = PBXFileReference; lastKnownFileType = text.plist.xml; path = Info.plist; sourceTree = "<group>"; };
		32957A011D284126002F3423 /* FDCWineModel.h */ = {isa = PBXFileReference; fileEncoding = 4; lastKnownFileType = sourcecode.c.h; path = FDCWineModel.h; sourceTree = "<group>"; };
		32957A021D284126002F3423 /* FDCWineModel.m */ = {isa = PBXFileReference; fileEncoding = 4; lastKnownFileType = sourcecode.c.objc; path = FDCWineModel.m; sourceTree = "<group>"; };
		32957A051D28F7D5002F3423 /* FDCWineViewController.h */ = {isa = PBXFileReference; fileEncoding = 4; lastKnownFileType = sourcecode.c.h; path = FDCWineViewController.h; sourceTree = "<group>"; };
		32957A061D28F7D5002F3423 /* FDCWineViewController.m */ = {isa = PBXFileReference; fileEncoding = 4; lastKnownFileType = sourcecode.c.objc; path = FDCWineViewController.m; sourceTree = "<group>"; };
		32957A071D28F7D5002F3423 /* FDCWineViewController.xib */ = {isa = PBXFileReference; fileEncoding = 4; lastKnownFileType = file.xib; path = FDCWineViewController.xib; sourceTree = "<group>"; };
		32957A0B1D29923F002F3423 /* splitView_score_glass@2x.png */ = {isa = PBXFileReference; lastKnownFileType = image.png; path = "splitView_score_glass@2x.png"; sourceTree = "<group>"; };
		32957A0E1D2992BF002F3423 /* bembibre.jpg */ = {isa = PBXFileReference; lastKnownFileType = image.jpeg; path = bembibre.jpg; sourceTree = "<group>"; };
		32957A101D29995C002F3423 /* FDCWebViewController.h */ = {isa = PBXFileReference; fileEncoding = 4; lastKnownFileType = sourcecode.c.h; path = FDCWebViewController.h; sourceTree = "<group>"; };
		32957A111D29995C002F3423 /* FDCWebViewController.m */ = {isa = PBXFileReference; fileEncoding = 4; lastKnownFileType = sourcecode.c.objc; path = FDCWebViewController.m; sourceTree = "<group>"; };
		32957A121D29995C002F3423 /* FDCWebViewController.xib */ = {isa = PBXFileReference; fileEncoding = 4; lastKnownFileType = file.xib; path = FDCWebViewController.xib; sourceTree = "<group>"; };
/* End PBXFileReference section */

/* Begin PBXFrameworksBuildPhase section */
		329579EA1D282068002F3423 /* Frameworks */ = {
			isa = PBXFrameworksBuildPhase;
			buildActionMask = 2147483647;
			files = (
			);
			runOnlyForDeploymentPostprocessing = 0;
		};
/* End PBXFrameworksBuildPhase section */

/* Begin PBXGroup section */
		329579E41D282068002F3423 = {
			isa = PBXGroup;
			children = (
				329579EF1D282068002F3423 /* Baccus */,
				329579EE1D282068002F3423 /* Products */,
			);
			sourceTree = "<group>";
		};
		329579EE1D282068002F3423 /* Products */ = {
			isa = PBXGroup;
			children = (
				329579ED1D282068002F3423 /* Baccus.app */,
			);
			name = Products;
			sourceTree = "<group>";
		};
		329579EF1D282068002F3423 /* Baccus */ = {
			isa = PBXGroup;
			children = (
				32957A0D1D299246002F3423 /* Resources */,
				32957A0A1D28F7E4002F3423 /* Controllers */,
				329579F31D282068002F3423 /* AppDelegate.h */,
				329579F41D282068002F3423 /* AppDelegate.m */,
				32957A041D28412C002F3423 /* Models */,
				329579F61D282068002F3423 /* Assets.xcassets */,
				329579F81D282068002F3423 /* LaunchScreen.storyboard */,
				329579FB1D282068002F3423 /* Info.plist */,
				329579F01D282068002F3423 /* Supporting Files */,
			);
			path = Baccus;
			sourceTree = "<group>";
		};
		329579F01D282068002F3423 /* Supporting Files */ = {
			isa = PBXGroup;
			children = (
				329579F11D282068002F3423 /* main.m */,
			);
			name = "Supporting Files";
			sourceTree = "<group>";
		};
		32957A041D28412C002F3423 /* Models */ = {
			isa = PBXGroup;
			children = (
				32957A011D284126002F3423 /* FDCWineModel.h */,
				32957A021D284126002F3423 /* FDCWineModel.m */,
			);
			name = Models;
			sourceTree = "<group>";
		};
		32957A0A1D28F7E4002F3423 /* Controllers */ = {
			isa = PBXGroup;
			children = (
				32957A051D28F7D5002F3423 /* FDCWineViewController.h */,
				32957A061D28F7D5002F3423 /* FDCWineViewController.m */,
				32957A071D28F7D5002F3423 /* FDCWineViewController.xib */,
				32957A101D29995C002F3423 /* FDCWebViewController.h */,
				32957A111D29995C002F3423 /* FDCWebViewController.m */,
				32957A121D29995C002F3423 /* FDCWebViewController.xib */,
			);
			name = Controllers;
			sourceTree = "<group>";
		};
		32957A0D1D299246002F3423 /* Resources */ = {
			isa = PBXGroup;
			children = (
				32957A0E1D2992BF002F3423 /* bembibre.jpg */,
				32957A0B1D29923F002F3423 /* splitView_score_glass@2x.png */,
			);
			name = Resources;
			sourceTree = "<group>";
		};
/* End PBXGroup section */

/* Begin PBXNativeTarget section */
		329579EC1D282068002F3423 /* Baccus */ = {
			isa = PBXNativeTarget;
			buildConfigurationList = 329579FE1D282068002F3423 /* Build configuration list for PBXNativeTarget "Baccus" */;
			buildPhases = (
				329579E91D282068002F3423 /* Sources */,
				329579EA1D282068002F3423 /* Frameworks */,
				329579EB1D282068002F3423 /* Resources */,
			);
			buildRules = (
			);
			dependencies = (
			);
			name = Baccus;
			productName = Baccus;
			productReference = 329579ED1D282068002F3423 /* Baccus.app */;
			productType = "com.apple.product-type.application";
		};
/* End PBXNativeTarget section */

/* Begin PBXProject section */
		329579E51D282068002F3423 /* Project object */ = {
			isa = PBXProject;
			attributes = {
				LastUpgradeCheck = 0730;
				ORGANIZATIONNAME = "Fran Delgado";
				TargetAttributes = {
					329579EC1D282068002F3423 = {
						CreatedOnToolsVersion = 7.3.1;
					};
				};
			};
			buildConfigurationList = 329579E81D282068002F3423 /* Build configuration list for PBXProject "Baccus" */;
			compatibilityVersion = "Xcode 3.2";
			developmentRegion = English;
			hasScannedForEncodings = 0;
			knownRegions = (
				en,
				Base,
			);
			mainGroup = 329579E41D282068002F3423;
			productRefGroup = 329579EE1D282068002F3423 /* Products */;
			projectDirPath = "";
			projectRoot = "";
			targets = (
				329579EC1D282068002F3423 /* Baccus */,
			);
		};
/* End PBXProject section */

/* Begin PBXResourcesBuildPhase section */
		329579EB1D282068002F3423 /* Resources */ = {
			isa = PBXResourcesBuildPhase;
			buildActionMask = 2147483647;
			files = (
				32957A0C1D29923F002F3423 /* splitView_score_glass@2x.png in Resources */,
				32957A141D29995C002F3423 /* FDCWebViewController.xib in Resources */,
				32957A091D28F7D5002F3423 /* FDCWineViewController.xib in Resources */,
				329579F71D282068002F3423 /* Assets.xcassets in Resources */,
				32957A0F1D2992BF002F3423 /* bembibre.jpg in Resources */,
				329579FA1D282068002F3423 /* LaunchScreen.storyboard in Resources */,
			);
			runOnlyForDeploymentPostprocessing = 0;
		};
/* End PBXResourcesBuildPhase section */

/* Begin PBXSourcesBuildPhase section */
		329579E91D282068002F3423 /* Sources */ = {
			isa = PBXSourcesBuildPhase;
			buildActionMask = 2147483647;
			files = (
				329579F51D282068002F3423 /* AppDelegate.m in Sources */,
				32957A081D28F7D5002F3423 /* FDCWineViewController.m in Sources */,
				32957A031D284126002F3423 /* FDCWineModel.m in Sources */,
				32957A131D29995C002F3423 /* FDCWebViewController.m in Sources */,
				329579F21D282068002F3423 /* main.m in Sources */,
			);
			runOnlyForDeploymentPostprocessing = 0;
		};
/* End PBXSourcesBuildPhase section */

/* Begin PBXVariantGroup section */
		329579F81D282068002F3423 /* LaunchScreen.storyboard */ = {
			isa = PBXVariantGroup;
			children = (
				329579F91D282068002F3423 /* Base */,
			);
			name = LaunchScreen.storyboard;
			sourceTree = "<group>";
		};
/* End PBXVariantGroup section */

/* Begin XCBuildConfiguration section */
		329579FC1D282068002F3423 /* Debug */ = {
			isa = XCBuildConfiguration;
			buildSettings = {
				ALWAYS_SEARCH_USER_PATHS = NO;
				CLANG_ANALYZER_NONNULL = YES;
				CLANG_CXX_LANGUAGE_STANDARD = "gnu++0x";
				CLANG_CXX_LIBRARY = "libc++";
				CLANG_ENABLE_MODULES = YES;
				CLANG_ENABLE_OBJC_ARC = YES;
				CLANG_WARN_BOOL_CONVERSION = YES;
				CLANG_WARN_CONSTANT_CONVERSION = YES;
				CLANG_WARN_DIRECT_OBJC_ISA_USAGE = YES_ERROR;
				CLANG_WARN_EMPTY_BODY = YES;
				CLANG_WARN_ENUM_CONVERSION = YES;
				CLANG_WARN_INT_CONVERSION = YES;
				CLANG_WARN_OBJC_ROOT_CLASS = YES_ERROR;
				CLANG_WARN_UNREACHABLE_CODE = YES;
				CLANG_WARN__DUPLICATE_METHOD_MATCH = YES;
				"CODE_SIGN_IDENTITY[sdk=iphoneos*]" = "iPhone Developer";
				COPY_PHASE_STRIP = NO;
				DEBUG_INFORMATION_FORMAT = dwarf;
				ENABLE_STRICT_OBJC_MSGSEND = YES;
				ENABLE_TESTABILITY = YES;
				GCC_C_LANGUAGE_STANDARD = gnu99;
				GCC_DYNAMIC_NO_PIC = NO;
				GCC_NO_COMMON_BLOCKS = YES;
				GCC_OPTIMIZATION_LEVEL = 0;
				GCC_PREPROCESSOR_DEFINITIONS = (
					"DEBUG=1",
					"$(inherited)",
				);
				GCC_WARN_64_TO_32_BIT_CONVERSION = YES;
				GCC_WARN_ABOUT_RETURN_TYPE = YES_ERROR;
				GCC_WARN_UNDECLARED_SELECTOR = YES;
				GCC_WARN_UNINITIALIZED_AUTOS = YES_AGGRESSIVE;
				GCC_WARN_UNUSED_FUNCTION = YES;
				GCC_WARN_UNUSED_VARIABLE = YES;
				IPHONEOS_DEPLOYMENT_TARGET = 9.3;
				MTL_ENABLE_DEBUG_INFO = YES;
				ONLY_ACTIVE_ARCH = YES;
				SDKROOT = iphoneos;
				TARGETED_DEVICE_FAMILY = 2;
			};
			name = Debug;
		};
		329579FD1D282068002F3423 /* Release */ = {
			isa = XCBuildConfiguration;
			buildSettings = {
				ALWAYS_SEARCH_USER_PATHS = NO;
				CLANG_ANALYZER_NONNULL = YES;
				CLANG_CXX_LANGUAGE_STANDARD = "gnu++0x";
				CLANG_CXX_LIBRARY = "libc++";
				CLANG_ENABLE_MODULES = YES;
				CLANG_ENABLE_OBJC_ARC = YES;
				CLANG_WARN_BOOL_CONVERSION = YES;
				CLANG_WARN_CONSTANT_CONVERSION = YES;
				CLANG_WARN_DIRECT_OBJC_ISA_USAGE = YES_ERROR;
				CLANG_WARN_EMPTY_BODY = YES;
				CLANG_WARN_ENUM_CONVERSION = YES;
				CLANG_WARN_INT_CONVERSION = YES;
				CLANG_WARN_OBJC_ROOT_CLASS = YES_ERROR;
				CLANG_WARN_UNREACHABLE_CODE = YES;
				CLANG_WARN__DUPLICATE_METHOD_MATCH = YES;
				"CODE_SIGN_IDENTITY[sdk=iphoneos*]" = "iPhone Developer";
				COPY_PHASE_STRIP = NO;
				DEBUG_INFORMATION_FORMAT = "dwarf-with-dsym";
				ENABLE_NS_ASSERTIONS = NO;
				ENABLE_STRICT_OBJC_MSGSEND = YES;
				GCC_C_LANGUAGE_STANDARD = gnu99;
				GCC_NO_COMMON_BLOCKS = YES;
				GCC_WARN_64_TO_32_BIT_CONVERSION = YES;
				GCC_WARN_ABOUT_RETURN_TYPE = YES_ERROR;
				GCC_WARN_UNDECLARED_SELECTOR = YES;
				GCC_WARN_UNINITIALIZED_AUTOS = YES_AGGRESSIVE;
				GCC_WARN_UNUSED_FUNCTION = YES;
				GCC_WARN_UNUSED_VARIABLE = YES;
				IPHONEOS_DEPLOYMENT_TARGET = 9.3;
				MTL_ENABLE_DEBUG_INFO = NO;
				SDKROOT = iphoneos;
				TARGETED_DEVICE_FAMILY = 2;
				VALIDATE_PRODUCT = YES;
			};
			name = Release;
		};
		329579FF1D282068002F3423 /* Debug */ = {
			isa = XCBuildConfiguration;
			buildSettings = {
				ASSETCATALOG_COMPILER_APPICON_NAME = AppIcon;
				INFOPLIST_FILE = Baccus/Info.plist;
				LD_RUNPATH_SEARCH_PATHS = "$(inherited) @executable_path/Frameworks";
				PRODUCT_BUNDLE_IDENTIFIER = org.thinway.Baccus;
				PRODUCT_NAME = "$(TARGET_NAME)";
			};
			name = Debug;
		};
		32957A001D282068002F3423 /* Release */ = {
			isa = XCBuildConfiguration;
			buildSettings = {
				ASSETCATALOG_COMPILER_APPICON_NAME = AppIcon;
				INFOPLIST_FILE = Baccus/Info.plist;
				LD_RUNPATH_SEARCH_PATHS = "$(inherited) @executable_path/Frameworks";
				PRODUCT_BUNDLE_IDENTIFIER = org.thinway.Baccus;
				PRODUCT_NAME = "$(TARGET_NAME)";
			};
			name = Release;
		};
/* End XCBuildConfiguration section */

/* Begin XCConfigurationList section */
		329579E81D282068002F3423 /* Build configuration list for PBXProject "Baccus" */ = {
			isa = XCConfigurationList;
			buildConfigurations = (
				329579FC1D282068002F3423 /* Debug */,
				329579FD1D282068002F3423 /* Release */,
			);
			defaultConfigurationIsVisible = 0;
			defaultConfigurationName = Release;
		};
		329579FE1D282068002F3423 /* Build configuration list for PBXNativeTarget "Baccus" */ = {
			isa = XCConfigurationList;
			buildConfigurations = (
				329579FF1D282068002F3423 /* Debug */,
				32957A001D282068002F3423 /* Release */,
			);
			defaultConfigurationIsVisible = 0;
		};
/* End XCConfigurationList section */
	};
	rootObject = 329579E51D282068002F3423 /* Project object */;
}
